
Microsoft Visual Studio Solution File, Format Version 12.00
# Visual Studio Version 17
VisualStudioVersion = 17.8.34309.116
MinimumVisualStudioVersion = 10.0.40219.1
Project("{9A19103F-16F7-4668-BE54-9A1E7A4F7556}") = "BlazorSchulungV8", "BlazorSchulungV8\BlazorSchulungV8.csproj", "{13471104-433E-46CB-AFEB-FF9A42E5B77E}"
EndProject
Global
	GlobalSection(SolutionConfigurationPlatforms) = preSolution
		Debug|Any CPU = Debug|Any CPU
		Release|Any CPU = Release|Any CPU
	EndGlobalSection
	GlobalSection(ProjectConfigurationPlatforms) = postSolution
		{13471104-433E-46CB-AFEB-FF9A42E5B77E}.Debug|Any CPU.ActiveCfg = Debug|Any CPU
		{13471104-433E-46CB-AFEB-FF9A42E5B77E}.Debug|Any CPU.Build.0 = Debug|Any CPU
		{13471104-433E-46CB-AFEB-FF9A42E5B77E}.Release|Any CPU.ActiveCfg = Release|Any CPU
		{13471104-433E-46CB-AFEB-FF9A42E5B77E}.Release|Any CPU.Build.0 = Release|Any CPU
	EndGlobalSection
	GlobalSection(SolutionProperties) = preSolution
		HideSolutionNode = FALSE
	EndGlobalSection
	GlobalSection(ExtensibilityGlobals) = postSolution
		SolutionGuid = {72C274F9-F007-43D1-AB03-5ABC469B9875}
	EndGlobalSection
EndGlobal
